
Microsoft Visual Studio Solution File, Format Version 12.00
# Visual Studio 14
VisualStudioVersion = 14.0.25420.1
MinimumVisualStudioVersion = 10.0.40219.1
Project("{FAE04EC0-301F-11D3-BF4B-00C04F79EFBC}") = "MicroFontApp", "MicroFontApp\MicroFontApp.csproj", "{DA33206B-B070-4AE6-AD76-B65325D734A4}"
EndProject
Project("{FAE04EC0-301F-11D3-BF4B-00C04F79EFBC}") = "MicroFont", "MicroFont\MicroFont.csproj", "{624928BA-3B84-4085-876B-8E5138C1ED8E}"
EndProject
Global
	GlobalSection(SolutionConfigurationPlatforms) = preSolution
		Debug|Any CPU = Debug|Any CPU
		Release|Any CPU = Release|Any CPU
	EndGlobalSection
	GlobalSection(ProjectConfigurationPlatforms) = postSolution
		{DA33206B-B070-4AE6-AD76-B65325D734A4}.Debug|Any CPU.ActiveCfg = Debug|Any CPU
		{DA33206B-B070-4AE6-AD76-B65325D734A4}.Debug|Any CPU.Build.0 = Debug|Any CPU
		{DA33206B-B070-4AE6-AD76-B65325D734A4}.Release|Any CPU.ActiveCfg = Release|Any CPU
		{DA33206B-B070-4AE6-AD76-B65325D734A4}.Release|Any CPU.Build.0 = Release|Any CPU
		{624928BA-3B84-4085-876B-8E5138C1ED8E}.Debug|Any CPU.ActiveCfg = Debug|Any CPU
		{624928BA-3B84-4085-876B-8E5138C1ED8E}.Debug|Any CPU.Build.0 = Debug|Any CPU
		{624928BA-3B84-4085-876B-8E5138C1ED8E}.Release|Any CPU.ActiveCfg = Release|Any CPU
		{624928BA-3B84-4085-876B-8E5138C1ED8E}.Release|Any CPU.Build.0 = Release|Any CPU
	EndGlobalSection
	GlobalSection(SolutionProperties) = preSolution
		HideSolutionNode = FALSE
	EndGlobalSection
EndGlobal
